# THIS IS AN AUTOGENERATED FILE. DO NOT EDIT THIS FILE DIRECTLY.
# yarn lockfile v1


"@algolia/autocomplete-core@1.5.0":
  "integrity" "sha512-E7+VJwcvwMM8vPeaVn7fNUgix8WHV8A1WUeHDi2KHemCaaGc8lvUnP3QnvhMxiDhTe7OpMEv4o2TBUMyDgThaw=="
  "resolved" "https://registry.npmjs.org/@algolia/autocomplete-core/-/autocomplete-core-1.5.0.tgz"
  "version" "1.5.0"
  dependencies:
    "@algolia/autocomplete-shared" "1.5.0"

"@algolia/autocomplete-preset-algolia@1.5.0":
  "integrity" "sha512-iiFxKERGHkvkiupmrFJbvESpP/zv5jSgH714XRiP5LDvUHaYOo4GLAwZCFf2ef/L5tdtPBARvekn6k1Xf33gjA=="
  "resolved" "https://registry.npmjs.org/@algolia/autocomplete-preset-algolia/-/autocomplete-preset-algolia-1.5.0.tgz"
  "version" "1.5.0"
  dependencies:
    "@algolia/autocomplete-shared" "1.5.0"

"@algolia/autocomplete-shared@1.5.0":
  "integrity" "sha512-bRSkqHHHSwZYbFY3w9hgMyQRm86Wz27bRaGCbNldLfbk0zUjApmE4ajx+ZCVSLqxvcUEjMqZFJzDsder12eKsg=="
  "resolved" "https://registry.npmjs.org/@algolia/autocomplete-shared/-/autocomplete-shared-1.5.0.tgz"
  "version" "1.5.0"

"@algolia/cache-browser-local-storage@4.12.0":
  "integrity" "sha512-l+G560B6N1k0rIcOjTO1yCzFUbg2Zy2HCii9s03e13jGgqduVQmk79UUCYszjsJ5GPJpUEKcVEtAIpP7tjsXVA=="
  "resolved" "https://registry.npmjs.org/@algolia/cache-browser-local-storage/-/cache-browser-local-storage-4.12.0.tgz"
  "version" "4.12.0"
  dependencies:
    "@algolia/cache-common" "4.12.0"

"@algolia/cache-common@4.12.0":
  "integrity" "sha512-2Z8BV+NX7oN7RmmQbLqmW8lfN9aAjOexX1FJjzB0YfKC9ifpi9Jl4nSxlnbU+iLR6QhHo0IfuyQ7wcnucCGCGQ=="
  "resolved" "https://registry.npmjs.org/@algolia/cache-common/-/cache-common-4.12.0.tgz"
  "version" "4.12.0"

"@algolia/cache-in-memory@4.12.0":
  "integrity" "sha512-b6ANkZF6vGAo+sYv6g25W5a0u3o6F549gEAgtTDTVA1aHcdWwe/HG/dTJ7NsnHbuR+A831tIwnNYQjRp3/V/Jw=="
  "resolved" "https://registry.npmjs.org/@algolia/cache-in-memory/-/cache-in-memory-4.12.0.tgz"
  "version" "4.12.0"
  dependencies:
    "@algolia/cache-common" "4.12.0"

"@algolia/client-account@4.12.0":
  "integrity" "sha512-gzXN75ZydNheNXUN3epS+aLsKnB/PHFVlGUUjXL8WHs4lJP3B5FtHvaA/NCN5DsM3aamhuY5p0ff1XIA+Lbcrw=="
  "resolved" "https://registry.npmjs.org/@algolia/client-account/-/client-account-4.12.0.tgz"
  "version" "4.12.0"
  dependencies:
    "@algolia/client-common" "4.12.0"
    "@algolia/client-search" "4.12.0"
    "@algolia/transporter" "4.12.0"

"@algolia/client-analytics@4.12.0":
  "integrity" "sha512-rO2cZCt00Opk66QBZb7IBGfCq4ZE3EiuGkXssf2Monb5urujy0r8CknK2i7bzaKtPbd2vlvhmLP4CEHQqF6SLQ=="
  "resolved" "https://registry.npmjs.org/@algolia/client-analytics/-/client-analytics-4.12.0.tgz"
  "version" "4.12.0"
  dependencies:
    "@algolia/client-common" "4.12.0"
    "@algolia/client-search" "4.12.0"
    "@algolia/requester-common" "4.12.0"
    "@algolia/transporter" "4.12.0"

"@algolia/client-common@4.12.0":
  "integrity" "sha512-fcrFN7FBmxiSyjeu3sF4OnPkC1l7/8oyQ8RMM8CHpVY8cad6/ay35MrfRfgfqdzdFA8LzcBYO7fykuJv0eOqxw=="
  "resolved" "https://registry.npmjs.org/@algolia/client-common/-/client-common-4.12.0.tgz"
  "version" "4.12.0"
  dependencies:
    "@algolia/requester-common" "4.12.0"
    "@algolia/transporter" "4.12.0"

"@algolia/client-personalization@4.12.0":
  "integrity" "sha512-wCJfSQEmX6ZOuJBJGjy+sbXiW0iy7tMNAhsVMV9RRaJE4727e5WAqwFWZssD877WQ74+/nF/VyTaB1+wejo33Q=="
  "resolved" "https://registry.npmjs.org/@algolia/client-personalization/-/client-personalization-4.12.0.tgz"
  "version" "4.12.0"
  dependencies:
    "@algolia/client-common" "4.12.0"
    "@algolia/requester-common" "4.12.0"
    "@algolia/transporter" "4.12.0"

"@algolia/client-search@^4.9.1", "@algolia/client-search@4.12.0":
  "integrity" "sha512-ik6dswcTQtOdZN+8aKntI9X2E6Qpqjtyda/+VANiHThY9GD2PBXuNuuC2HvlF26AbBYp5xaSE/EKxn1DIiIJ4Q=="
  "resolved" "https://registry.npmjs.org/@algolia/client-search/-/client-search-4.12.0.tgz"
  "version" "4.12.0"
  dependencies:
    "@algolia/client-common" "4.12.0"
    "@algolia/requester-common" "4.12.0"
    "@algolia/transporter" "4.12.0"

"@algolia/logger-common@4.12.0":
  "integrity" "sha512-V//9rzLdJujA3iZ/tPhmKR/m2kjSZrymxOfUiF3024u2/7UyOpH92OOCrHUf023uMGYHRzyhBz5ESfL1oCdh7g=="
  "resolved" "https://registry.npmjs.org/@algolia/logger-common/-/logger-common-4.12.0.tgz"
  "version" "4.12.0"

"@algolia/logger-console@4.12.0":
  "integrity" "sha512-pHvoGv53KXRIJHLk9uxBwKirwEo12G9+uo0sJLWESThAN3v5M+ycliU1AkUXQN8+9rds2KxfULAb+vfyfBKf8A=="
  "resolved" "https://registry.npmjs.org/@algolia/logger-console/-/logger-console-4.12.0.tgz"
  "version" "4.12.0"
  dependencies:
    "@algolia/logger-common" "4.12.0"

"@algolia/requester-browser-xhr@4.12.0":
  "integrity" "sha512-rGlHNMM3jIZBwSpz33CVkeXHilzuzHuFXEEW1icP/k3KW7kwBrKFJwBy42RzAJa5BYlLsTCFTS3xkPhYwTQKLg=="
  "resolved" "https://registry.npmjs.org/@algolia/requester-browser-xhr/-/requester-browser-xhr-4.12.0.tgz"
  "version" "4.12.0"
  dependencies:
    "@algolia/requester-common" "4.12.0"

"@algolia/requester-common@4.12.0":
  "integrity" "sha512-qgfdc73nXqpVyOMr6CMTx3nXvud9dP6GcMGDqPct+fnxogGcJsp24cY2nMqUrAfgmTJe9Nmy7Lddv0FyHjONMg=="
  "resolved" "https://registry.npmjs.org/@algolia/requester-common/-/requester-common-4.12.0.tgz"
  "version" "4.12.0"

"@algolia/requester-node-http@4.12.0":
  "integrity" "sha512-mOTRGf/v/dXshBoZKNhMG00ZGxoUH9QdSpuMKYnuWwIgstN24uj3DQx+Ho3c+uq0TYfq7n2v71uoJWuiW32NMQ=="
  "resolved" "https://registry.npmjs.org/@algolia/requester-node-http/-/requester-node-http-4.12.0.tgz"
  "version" "4.12.0"
  dependencies:
    "@algolia/requester-common" "4.12.0"

"@algolia/transporter@4.12.0":
  "integrity" "sha512-MOQVHZ4BcBpf3LtOY/3fqXHAcvI8MahrXDHk9QrBE/iGensQhDiZby5Dn3o2JN/zd9FMnVbdPQ8gnkiMwZiakQ=="
  "resolved" "https://registry.npmjs.org/@algolia/transporter/-/transporter-4.12.0.tgz"
  "version" "4.12.0"
  dependencies:
    "@algolia/cache-common" "4.12.0"
    "@algolia/logger-common" "4.12.0"
    "@algolia/requester-common" "4.12.0"

"@babel/parser@^7.16.4":
  "integrity" "sha512-VfaV15po8RiZssrkPweyvbGVSe4x2y+aciFCgn0n0/SJMR22cwofRV1mtnJQYcSB1wUTaA/X1LnA3es66MCO5A=="
  "resolved" "https://registry.npmjs.org/@babel/parser/-/parser-7.16.12.tgz"
  "version" "7.16.12"

"@docsearch/css@^3.0.0-alpha.41", "@docsearch/css@3.0.0-alpha.42":
  "integrity" "sha512-AGwI2AXUacYhVOHmYnsXoYDJKO6Ued2W+QO80GERbMLhC7GH5tfvtW5REs/s7jSdcU3vzFoxT8iPDBCh/PkrlQ=="
  "resolved" "https://registry.npmjs.org/@docsearch/css/-/css-3.0.0-alpha.42.tgz"
  "version" "3.0.0-alpha.42"

"@docsearch/js@^3.0.0-alpha.41":
  "integrity" "sha512-8rxxsvFKS5GzDX2MYMETeib4EOwAkoxVUHFP5R4tSENXojhuCEy3np+k3Q0c9WPT+MUmWLxKJab5jyl0jmaeBQ=="
  "resolved" "https://registry.npmjs.org/@docsearch/js/-/js-3.0.0-alpha.42.tgz"
  "version" "3.0.0-alpha.42"
  dependencies:
    "@docsearch/react" "3.0.0-alpha.42"
    "preact" "^10.0.0"

"@docsearch/react@3.0.0-alpha.42":
  "integrity" "sha512-1aOslZJDxwUUcm2QRNmlEePUgL8P5fOAeFdOLDMctHQkV2iTja9/rKVbkP8FZbIUnZxuuCCn8ErLrjD/oXWOag=="
  "resolved" "https://registry.npmjs.org/@docsearch/react/-/react-3.0.0-alpha.42.tgz"
  "version" "3.0.0-alpha.42"
  dependencies:
    "@algolia/autocomplete-core" "1.5.0"
    "@algolia/autocomplete-preset-algolia" "1.5.0"
    "@docsearch/css" "3.0.0-alpha.42"
    "algoliasearch" "^4.0.0"

"@vitejs/plugin-vue@^2.0.0":
  "integrity" "sha512-AZ78WxvFMYd8JmM/GBV6a6SGGTU0GgN/0/4T+FnMMsLzFEzTeAUwuraapy50ifHZsC+G5SvWs86bvaCPTneFlA=="
  "resolved" "https://registry.npmjs.org/@vitejs/plugin-vue/-/plugin-vue-2.1.0.tgz"
  "version" "2.1.0"

"@vue/compiler-core@3.2.29":
  "integrity" "sha512-RePZ/J4Ub3sb7atQw6V6Rez+/5LCRHGFlSetT3N4VMrejqJnNPXKUt5AVm/9F5MJriy2w/VudEIvgscCfCWqxw=="
  "resolved" "https://registry.npmjs.org/@vue/compiler-core/-/compiler-core-3.2.29.tgz"
  "version" "3.2.29"
  dependencies:
    "@babel/parser" "^7.16.4"
    "@vue/shared" "3.2.29"
    "estree-walker" "^2.0.2"
    "source-map" "^0.6.1"

"@vue/compiler-dom@3.2.29":
  "integrity" "sha512-y26vK5khdNS9L3ckvkqJk/78qXwWb75Ci8iYLb67AkJuIgyKhIOcR1E8RIt4mswlVCIeI9gQ+fmtdhaiTAtrBQ=="
  "resolved" "https://registry.npmjs.org/@vue/compiler-dom/-/compiler-dom-3.2.29.tgz"
  "version" "3.2.29"
  dependencies:
    "@vue/compiler-core" "3.2.29"
    "@vue/shared" "3.2.29"

"@vue/compiler-sfc@3.2.29":
  "integrity" "sha512-X9+0dwsag2u6hSOP/XsMYqFti/edvYvxamgBgCcbSYuXx1xLZN+dS/GvQKM4AgGS4djqo0jQvWfIXdfZ2ET68g=="
  "resolved" "https://registry.npmjs.org/@vue/compiler-sfc/-/compiler-sfc-3.2.29.tgz"
  "version" "3.2.29"
  dependencies:
    "@babel/parser" "^7.16.4"
    "@vue/compiler-core" "3.2.29"
    "@vue/compiler-dom" "3.2.29"
    "@vue/compiler-ssr" "3.2.29"
    "@vue/reactivity-transform" "3.2.29"
    "@vue/shared" "3.2.29"
    "estree-walker" "^2.0.2"
    "magic-string" "^0.25.7"
    "postcss" "^8.1.10"
    "source-map" "^0.6.1"

"@vue/compiler-ssr@3.2.29":
  "integrity" "sha512-LrvQwXlx66uWsB9/VydaaqEpae9xtmlUkeSKF6aPDbzx8M1h7ukxaPjNCAXuFd3fUHblcri8k42lfimHfzMICA=="
  "resolved" "https://registry.npmjs.org/@vue/compiler-ssr/-/compiler-ssr-3.2.29.tgz"
  "version" "3.2.29"
  dependencies:
    "@vue/compiler-dom" "3.2.29"
    "@vue/shared" "3.2.29"

"@vue/reactivity-transform@3.2.29":
  "integrity" "sha512-YF6HdOuhdOw6KyRm59+3rML8USb9o8mYM1q+SH0G41K3/q/G7uhPnHGKvspzceD7h9J3VR1waOQ93CUZj7J7OA=="
  "resolved" "https://registry.npmjs.org/@vue/reactivity-transform/-/reactivity-transform-3.2.29.tgz"
  "version" "3.2.29"
  dependencies:
    "@babel/parser" "^7.16.4"
    "@vue/compiler-core" "3.2.29"
    "@vue/shared" "3.2.29"
    "estree-walker" "^2.0.2"
    "magic-string" "^0.25.7"

"@vue/reactivity@3.2.29":
  "integrity" "sha512-Ryhb6Gy62YolKXH1gv42pEqwx7zs3n8gacRVZICSgjQz8Qr8QeCcFygBKYfJm3o1SccR7U+bVBQDWZGOyG1k4g=="
  "resolved" "https://registry.npmjs.org/@vue/reactivity/-/reactivity-3.2.29.tgz"
  "version" "3.2.29"
  dependencies:
    "@vue/shared" "3.2.29"

"@vue/runtime-core@3.2.29":
  "integrity" "sha512-VMvQuLdzoTGmCwIKTKVwKmIL0qcODIqe74JtK1pVr5lnaE0l25hopodmPag3RcnIcIXe+Ye3B2olRCn7fTCgig=="
  "resolved" "https://registry.npmjs.org/@vue/runtime-core/-/runtime-core-3.2.29.tgz"
  "version" "3.2.29"
  dependencies:
    "@vue/reactivity" "3.2.29"
    "@vue/shared" "3.2.29"

"@vue/runtime-dom@3.2.29":
  "integrity" "sha512-YJgLQLwr+SQyORzTsBQLL5TT/5UiV83tEotqjL7F9aFDIQdFBTCwpkCFvX9jqwHoyi9sJqM9XtTrMcc8z/OjPA=="
  "resolved" "https://registry.npmjs.org/@vue/runtime-dom/-/runtime-dom-3.2.29.tgz"
  "version" "3.2.29"
  dependencies:
    "@vue/runtime-core" "3.2.29"
    "@vue/shared" "3.2.29"
    "csstype" "^2.6.8"

"@vue/server-renderer@3.2.29":
  "integrity" "sha512-lpiYx7ciV7rWfJ0tPkoSOlLmwqBZ9FTmQm33S+T4g0j1fO/LmhJ9b9Ctl1o5xvIFVDk9QkSUWANZn7H2pXuxVw=="
  "resolved" "https://registry.npmjs.org/@vue/server-renderer/-/server-renderer-3.2.29.tgz"
  "version" "3.2.29"
  dependencies:
    "@vue/compiler-ssr" "3.2.29"
    "@vue/shared" "3.2.29"

"@vue/shared@3.2.29":
  "integrity" "sha512-BjNpU8OK6Z0LVzGUppEk0CMYm/hKDnZfYdjSmPOs0N+TR1cLKJAkDwW8ASZUvaaSLEi6d3hVM7jnWnX+6yWnHw=="
  "resolved" "https://registry.npmjs.org/@vue/shared/-/shared-3.2.29.tgz"
  "version" "3.2.29"

"algoliasearch@^4.0.0", "algoliasearch@^4.9.1":
  "integrity" "sha512-fZOMMm+F3Bi5M/MoFIz7hiuyCitJza0Hu+r8Wzz4LIQClC6YGMRq7kT6NNU1fSSoFDSeJIwMfedbbi5G9dJoVQ=="
  "resolved" "https://registry.npmjs.org/algoliasearch/-/algoliasearch-4.12.0.tgz"
  "version" "4.12.0"
  dependencies:
    "@algolia/cache-browser-local-storage" "4.12.0"
    "@algolia/cache-common" "4.12.0"
    "@algolia/cache-in-memory" "4.12.0"
    "@algolia/client-account" "4.12.0"
    "@algolia/client-analytics" "4.12.0"
    "@algolia/client-common" "4.12.0"
    "@algolia/client-personalization" "4.12.0"
    "@algolia/client-search" "4.12.0"
    "@algolia/logger-common" "4.12.0"
    "@algolia/logger-console" "4.12.0"
    "@algolia/requester-browser-xhr" "4.12.0"
    "@algolia/requester-common" "4.12.0"
    "@algolia/requester-node-http" "4.12.0"
    "@algolia/transporter" "4.12.0"

"csstype@^2.6.8":
  "integrity" "sha512-ZVxXaNy28/k3kJg0Fou5MiYpp88j7H9hLZp8PDC3jV0WFjfH5E9xHb56L0W59cPbKbcHXeP4qyT8PrHp8t6LcQ=="
  "resolved" "https://registry.npmjs.org/csstype/-/csstype-2.6.19.tgz"
  "version" "2.6.19"

"esbuild-darwin-64@0.14.29":
  "integrity" "sha512-+CJaRvfTkzs9t+CjGa0Oa28WoXa7EeLutQhxus+fFcu0MHhsBhlmeWHac3Cc/Sf/xPi1b2ccDFfzGYJCfV0RrA=="
  "resolved" "https://registry.npmjs.org/esbuild-darwin-64/-/esbuild-darwin-64-0.14.29.tgz"
  "version" "0.14.29"

"esbuild@^0.14.14":
  "integrity" "sha512-SQS8cO8xFEqevYlrHt6exIhK853Me4nZ4aMW6ieysInLa0FMAL+AKs87HYNRtR2YWRcEIqoXAHh+Ytt5/66qpg=="
  "resolved" "https://registry.npmjs.org/esbuild/-/esbuild-0.14.29.tgz"
  "version" "0.14.29"
  optionalDependencies:
    "esbuild-android-64" "0.14.29"
    "esbuild-android-arm64" "0.14.29"
    "esbuild-darwin-64" "0.14.29"
    "esbuild-darwin-arm64" "0.14.29"
    "esbuild-freebsd-64" "0.14.29"
    "esbuild-freebsd-arm64" "0.14.29"
    "esbuild-linux-32" "0.14.29"
    "esbuild-linux-64" "0.14.29"
    "esbuild-linux-arm" "0.14.29"
    "esbuild-linux-arm64" "0.14.29"
    "esbuild-linux-mips64le" "0.14.29"
    "esbuild-linux-ppc64le" "0.14.29"
    "esbuild-linux-riscv64" "0.14.29"
    "esbuild-linux-s390x" "0.14.29"
    "esbuild-netbsd-64" "0.14.29"
    "esbuild-openbsd-64" "0.14.29"
    "esbuild-sunos-64" "0.14.29"
    "esbuild-windows-32" "0.14.29"
    "esbuild-windows-64" "0.14.29"
    "esbuild-windows-arm64" "0.14.29"

"estree-walker@^2.0.2":
  "integrity" "sha512-Rfkk/Mp/DL7JVje3u18FxFujQlTNR2q6QfMSMB7AvCBx91NGj/ba3kCfza0f6dVDbw7YlRf/nDrn7pQrCCyQ/w=="
  "resolved" "https://registry.npmjs.org/estree-walker/-/estree-walker-2.0.2.tgz"
  "version" "2.0.2"

"fsevents@~2.3.2":
  "integrity" "sha512-xiqMQR4xAeHTuB9uWm+fFRcIOgKBMiOBP+eXiyT7jsgVCq1bkVygt00oASowB7EdtpOHaaPgKt812P9ab+DDKA=="
  "resolved" "https://registry.npmjs.org/fsevents/-/fsevents-2.3.2.tgz"
  "version" "2.3.2"

"function-bind@^1.1.1":
  "integrity" "sha512-yIovAzMX49sF8Yl58fSCWJ5svSLuaibPxXQJFLmBObTuCr0Mf1KiPopGM9NiFjiYBCbfaa2Fh6breQ6ANVTI0A=="
  "resolved" "https://registry.npmjs.org/function-bind/-/function-bind-1.1.1.tgz"
  "version" "1.1.1"

"has@^1.0.3":
  "integrity" "sha512-f2dvO0VU6Oej7RkWJGrehjbzMAjFp5/VKPp5tTpWIV4JHHZK1/BxbFRtf/siA2SWTe09caDmVtYYzWEIbBS4zw=="
  "resolved" "https://registry.npmjs.org/has/-/has-1.0.3.tgz"
  "version" "1.0.3"
  dependencies:
    "function-bind" "^1.1.1"

"is-core-module@^2.8.1":
  "integrity" "sha512-SdNCUs284hr40hFTFP6l0IfZ/RSrMXF3qgoRHd3/79unUTvrFO/JoXwkGm+5J/Oe3E/b5GsnG330uUNgRpu1PA=="
  "resolved" "https://registry.npmjs.org/is-core-module/-/is-core-module-2.8.1.tgz"
  "version" "2.8.1"
  dependencies:
    "has" "^1.0.3"

"magic-string@^0.25.7":
  "integrity" "sha512-4CrMT5DOHTDk4HYDlzmwu4FVCcIYI8gauveasrdCu2IKIFOJ3f0v/8MDGJCDL9oD2ppz/Av1b0Nj345H9M+XIA=="
  "resolved" "https://registry.npmjs.org/magic-string/-/magic-string-0.25.7.tgz"
  "version" "0.25.7"
  dependencies:
    "sourcemap-codec" "^1.4.4"

"nanoid@^3.3.1":
  "integrity" "sha512-CuHBogktKwpm5g2sRgv83jEy2ijFzBwMoYA60orPDR7ynsLijJDqgsi4RDGj3OJpy3Ieb+LYwiRmIOGyytgITA=="
  "resolved" "https://registry.npmjs.org/nanoid/-/nanoid-3.3.2.tgz"
  "version" "3.3.2"

"path-parse@^1.0.7":
  "integrity" "sha512-LDJzPVEEEPR+y48z93A0Ed0yXb8pAByGWo/k5YYdYgpY2/2EsOsksJrq7lOHxryrVOn1ejG6oAp8ahvOIQD8sw=="
  "resolved" "https://registry.npmjs.org/path-parse/-/path-parse-1.0.7.tgz"
  "version" "1.0.7"

"picocolors@^1.0.0":
  "integrity" "sha512-1fygroTLlHu66zi26VoTDv8yRgm0Fccecssto+MhsZ0D/DGW2sm8E8AjW7NU5VVTRt5GxbeZ5qBuJr+HyLYkjQ=="
  "resolved" "https://registry.npmjs.org/picocolors/-/picocolors-1.0.0.tgz"
  "version" "1.0.0"

"postcss@^8.1.10", "postcss@^8.4.6":
  "integrity" "sha512-lg6eITwYe9v6Hr5CncVbK70SoioNQIq81nsaG86ev5hAidQvmOeETBqs7jm43K2F5/Ley3ytDtriImV6TpNiSg=="
  "resolved" "https://registry.npmjs.org/postcss/-/postcss-8.4.12.tgz"
  "version" "8.4.12"
  dependencies:
    "nanoid" "^3.3.1"
    "picocolors" "^1.0.0"
    "source-map-js" "^1.0.2"

"preact@^10.0.0":
  "integrity" "sha512-WyosM7pxGcndU8hY0OQlLd54tOU+qmG45QXj2dAYrL11HoyU/EzOSTlpJsirbBr1QW7lICxSsVJJmcmUglovHQ=="
  "resolved" "https://registry.npmjs.org/preact/-/preact-10.6.4.tgz"
  "version" "10.6.4"

"prismjs@^1.25.0":
  "integrity" "sha512-HUoH9C5Z3jKkl3UunCyiD5jwk0+Hz0fIgQ2nbwU2Oo/ceuTAQAg+pPVnfdt2TJWRVLcxKh9iuoYDUSc8clb5UQ=="
  "resolved" "https://registry.npmjs.org/prismjs/-/prismjs-1.26.0.tgz"
  "version" "1.26.0"

"resolve@^1.22.0":
  "integrity" "sha512-Hhtrw0nLeSrFQ7phPp4OOcVjLPIeMnRlr5mcnVuMe7M/7eBn98A3hmFRLoFo3DLZkivSYwhRUJTyPyWAk56WLw=="
  "resolved" "https://registry.npmjs.org/resolve/-/resolve-1.22.0.tgz"
  "version" "1.22.0"
  dependencies:
    "is-core-module" "^2.8.1"
    "path-parse" "^1.0.7"
    "supports-preserve-symlinks-flag" "^1.0.0"

"rollup@^2.59.0":
  "integrity" "sha512-L6mKOkdyP8HK5kKJXaiWG7KZDumPJjuo1P+cfyHOJPNNTK3Moe7zCH5+fy7v8pVmHXtlxorzaBjvkBMB23s98g=="
  "resolved" "https://registry.npmjs.org/rollup/-/rollup-2.66.0.tgz"
  "version" "2.66.0"
  optionalDependencies:
    "fsevents" "~2.3.2"

"source-map-js@^1.0.2":
  "integrity" "sha512-R0XvVJ9WusLiqTCEiGCmICCMplcCkIwwR11mOSD9CR5u+IXYdiseeEuXCVAjS54zqwkLcPNnmU4OeJ6tUrWhDw=="
  "resolved" "https://registry.npmjs.org/source-map-js/-/source-map-js-1.0.2.tgz"
  "version" "1.0.2"

"source-map@^0.6.1":
  "integrity" "sha512-UjgapumWlbMhkBgzT7Ykc5YXUT46F0iKu8SGXq0bcwP5dz/h0Plj6enJqjz1Zbq2l5WaqYnrVbwWOWMyF3F47g=="
  "resolved" "https://registry.npmjs.org/source-map/-/source-map-0.6.1.tgz"
  "version" "0.6.1"

"sourcemap-codec@^1.4.4":
  "integrity" "sha512-9NykojV5Uih4lgo5So5dtw+f0JgJX30KCNI8gwhz2J9A15wD0Ml6tjHKwf6fTSa6fAdVBdZeNOs9eJ71qCk8vA=="
  "resolved" "https://registry.npmjs.org/sourcemap-codec/-/sourcemap-codec-1.4.8.tgz"
  "version" "1.4.8"

"supports-preserve-symlinks-flag@^1.0.0":
  "integrity" "sha512-ot0WnXS9fgdkgIcePe6RHNk1WA8+muPa6cSjeR3V8K27q9BB1rTE3R1p7Hv0z1ZyAc8s6Vvv8DIyWf681MAt0w=="
  "resolved" "https://registry.npmjs.org/supports-preserve-symlinks-flag/-/supports-preserve-symlinks-flag-1.0.0.tgz"
  "version" "1.0.0"

"vite@^2.5.10", "vite@^2.7.12", "vite@^2.8.4":
  "integrity" "sha512-GwtOkkaT2LDI82uWZKcrpRQxP5tymLnC7hVHHqNkhFNknYr0hJUlDLfhVRgngJvAy3RwypkDCWtTKn1BjO96Dw=="
  "resolved" "https://registry.npmjs.org/vite/-/vite-2.8.4.tgz"
  "version" "2.8.4"
  dependencies:
    "esbuild" "^0.14.14"
    "postcss" "^8.4.6"
    "resolve" "^1.22.0"
    "rollup" "^2.59.0"
  optionalDependencies:
    "fsevents" "~2.3.2"

"vitepress@^0.21.6":
  "integrity" "sha512-OzwD2cTfvoK5VKV0UWSqu4XvUOz4vWFJ4Bdi0z8GoVkTFXkfmbFawEDVXAZwzu0Hn4/VLopgmEyooc91iGKFlg=="
  "resolved" "https://registry.npmjs.org/vitepress/-/vitepress-0.21.6.tgz"
  "version" "0.21.6"
  dependencies:
    "@docsearch/css" "^3.0.0-alpha.41"
    "@docsearch/js" "^3.0.0-alpha.41"
    "@vitejs/plugin-vue" "^2.0.0"
    "prismjs" "^1.25.0"
    "vite" "^2.7.12"
    "vue" "^3.2.27"

"vue@^3.2.25", "vue@^3.2.27", "vue@3.2.29":
  "integrity" "sha512-cFIwr7LkbtCRanjNvh6r7wp2yUxfxeM2yPpDQpAfaaLIGZSrUmLbNiSze9nhBJt5MrZ68Iqt0O5scwAMEVxF+Q=="
  "resolved" "https://registry.npmjs.org/vue/-/vue-3.2.29.tgz"
  "version" "3.2.29"
  dependencies:
    "@vue/compiler-dom" "3.2.29"
    "@vue/compiler-sfc" "3.2.29"
    "@vue/runtime-dom" "3.2.29"
    "@vue/server-renderer" "3.2.29"
    "@vue/shared" "3.2.29"
